
Microsoft Visual Studio Solution File, Format Version 12.00
# Visual Studio Version 16
VisualStudioVersion = 16.0.30204.135
MinimumVisualStudioVersion = 10.0.40219.1
Project("{FAE04EC0-301F-11D3-BF4B-00C04F79EFBC}") = "core-practice", "core-practice\core-practice.csproj", "{C9B10FAC-FABD-45A6-A006-BDF372CFED43}"
EndProject
Global
	GlobalSection(SolutionConfigurationPlatforms) = preSolution
		Debug|Any CPU = Debug|Any CPU
		Release|Any CPU = Release|Any CPU
	EndGlobalSection
	GlobalSection(ProjectConfigurationPlatforms) = postSolution
		{C9B10FAC-FABD-45A6-A006-BDF372CFED43}.Debug|Any CPU.ActiveCfg = Debug|Any CPU
		{C9B10FAC-FABD-45A6-A006-BDF372CFED43}.Debug|Any CPU.Build.0 = Debug|Any CPU
		{C9B10FAC-FABD-45A6-A006-BDF372CFED43}.Release|Any CPU.ActiveCfg = Release|Any CPU
		{C9B10FAC-FABD-45A6-A006-BDF372CFED43}.Release|Any CPU.Build.0 = Release|Any CPU
	EndGlobalSection
	GlobalSection(SolutionProperties) = preSolution
		HideSolutionNode = FALSE
	EndGlobalSection
	GlobalSection(ExtensibilityGlobals) = postSolution
		SolutionGuid = {5880760C-8EE7-4008-AFF6-C4CBD10A548A}
	EndGlobalSection
EndGlobal
